
Microsoft Visual Studio Solution File, Format Version 12.00
Project("{FAE04EC0-301F-11D3-BF4B-00C04F79EFBC}") = "Hls", "Hls\Hls.csproj", "{B1744820-514F-4FBB-B3FC-2345BDF27D76}"
EndProject
Project("{FAE04EC0-301F-11D3-BF4B-00C04F79EFBC}") = "HlsClient", "HlsClient\HlsClient.csproj", "{5DF6475D-5555-421D-9579-A6E34E52DD3A}"
EndProject
Global
	GlobalSection(SolutionConfigurationPlatforms) = preSolution
		Debug|Any CPU = Debug|Any CPU
		Release|Any CPU = Release|Any CPU
	EndGlobalSection
	GlobalSection(ProjectConfigurationPlatforms) = postSolution
		{B1744820-514F-4FBB-B3FC-2345BDF27D76}.Debug|Any CPU.ActiveCfg = Debug|Any CPU
		{B1744820-514F-4FBB-B3FC-2345BDF27D76}.Debug|Any CPU.Build.0 = Debug|Any CPU
		{B1744820-514F-4FBB-B3FC-2345BDF27D76}.Release|Any CPU.ActiveCfg = Release|Any CPU
		{B1744820-514F-4FBB-B3FC-2345BDF27D76}.Release|Any CPU.Build.0 = Release|Any CPU
		{5DF6475D-5555-421D-9579-A6E34E52DD3A}.Debug|Any CPU.ActiveCfg = Debug|Any CPU
		{5DF6475D-5555-421D-9579-A6E34E52DD3A}.Debug|Any CPU.Build.0 = Debug|Any CPU
		{5DF6475D-5555-421D-9579-A6E34E52DD3A}.Release|Any CPU.ActiveCfg = Release|Any CPU
		{5DF6475D-5555-421D-9579-A6E34E52DD3A}.Release|Any CPU.Build.0 = Release|Any CPU
	EndGlobalSection
EndGlobal
